
Microsoft Visual Studio Solution File, Format Version 12.00
# Visual Studio Version 16
VisualStudioVersion = 16.0.31402.337
MinimumVisualStudioVersion = 10.0.40219.1
Project("{FAE04EC0-301F-11D3-BF4B-00C04F79EFBC}") = "WindowsFormsApp1", "WindowsFormsApp1\WindowsFormsApp1.csproj", "{C7D85643-716E-4EA4-93D6-6A6EF90C5187}"
EndProject
Global
	GlobalSection(SolutionConfigurationPlatforms) = preSolution
		Debug|Any CPU = Debug|Any CPU
		Release|Any CPU = Release|Any CPU
	EndGlobalSection
	GlobalSection(ProjectConfigurationPlatforms) = postSolution
		{C7D85643-716E-4EA4-93D6-6A6EF90C5187}.Debug|Any CPU.ActiveCfg = Debug|Any CPU
		{C7D85643-716E-4EA4-93D6-6A6EF90C5187}.Debug|Any CPU.Build.0 = Debug|Any CPU
		{C7D85643-716E-4EA4-93D6-6A6EF90C5187}.Release|Any CPU.ActiveCfg = Release|Any CPU
		{C7D85643-716E-4EA4-93D6-6A6EF90C5187}.Release|Any CPU.Build.0 = Release|Any CPU
	EndGlobalSection
	GlobalSection(SolutionProperties) = preSolution
		HideSolutionNode = FALSE
	EndGlobalSection
	GlobalSection(ExtensibilityGlobals) = postSolution
		SolutionGuid = {79F2DA26-A5CA-4706-961E-5C3A505A5B19}
	EndGlobalSection
EndGlobal
